<Solution>
  <Project Path="src/ApiGateway/ApiGateway.csproj" Id="4786fd74-9c98-4643-ae8f-d6431c87e2e2" />
  <Project Path="src/OrdersApi/OrdersApi.csproj" Id="de17d29e-3ecb-4cfb-9c6d-4714ad5be31e" />
  <Project Path="src/OrdersApi.Client.Generated/OrdersApi.Client.Generated.csproj" Id="a1b2c3d4-e5f6-7890-abcd-ef1234567890" />
  <Project Path="src/OrdersApi.Client.Cli/OrdersApi.Client.Cli.csproj" Id="b2c3d4e5-f6a7-8901-bcde-f12345678901" />
  <Project Path="src/ProductsApi/ProductsApi.csproj" Id="968421de-258f-4440-a640-1bc515729ca2" />
  <Project Path="tests/UnitTests/ApiGateway.UnitTests/ApiGateway.UnitTests.csproj" Id="c3d4e5f6-a7b8-9012-cdef-123456789012" />
  <Project Path="tests/UnitTests/OrdersApi.UnitTests/OrdersApi.UnitTests.csproj" Id="d4e5f6a7-b8c9-0123-defa-234567890123" />
</Solution>
